{
  "name": "autodesk-forge-viewer",
  "version": "1.0.0",
  "lockfileVersion": 1,
  "requires": true,
  "dependencies": {
    "@types/three": {
      "version": "0.93.31",
      "resolved": "https://registry.npmjs.org/@types/three/-/three-0.93.31.tgz",
      "integrity": "sha512-lR9eLY3gnrUDAdW4ujITgVTPEv1Oy2yoL3LlfKAnjQuzyjGSR+PvQuXuWmaDCD1IyWhkqbnol1nJwaW0MGe35A=="
    }
  }
}
